
Microsoft Visual Studio Solution File, Format Version 12.00
# Visual Studio Version 16
VisualStudioVersion = 16.0.31205.134
MinimumVisualStudioVersion = 10.0.40219.1
Project("{FAE04EC0-301F-11D3-BF4B-00C04F79EFBC}") = "ConsoleJSONParsing", "ConsoleJSONParsing.csproj", "{78FCC65A-E669-43D1-8D6E-D2ACFC6512EE}"
EndProject
Global
	GlobalSection(SolutionConfigurationPlatforms) = preSolution
		Debug|Any CPU = Debug|Any CPU
		Release|Any CPU = Release|Any CPU
	EndGlobalSection
	GlobalSection(ProjectConfigurationPlatforms) = postSolution
		{78FCC65A-E669-43D1-8D6E-D2ACFC6512EE}.Debug|Any CPU.ActiveCfg = Debug|Any CPU
		{78FCC65A-E669-43D1-8D6E-D2ACFC6512EE}.Debug|Any CPU.Build.0 = Debug|Any CPU
		{78FCC65A-E669-43D1-8D6E-D2ACFC6512EE}.Release|Any CPU.ActiveCfg = Release|Any CPU
		{78FCC65A-E669-43D1-8D6E-D2ACFC6512EE}.Release|Any CPU.Build.0 = Release|Any CPU
	EndGlobalSection
	GlobalSection(SolutionProperties) = preSolution
		HideSolutionNode = FALSE
	EndGlobalSection
	GlobalSection(ExtensibilityGlobals) = postSolution
		SolutionGuid = {1D1CD84C-212C-489C-A5B6-B7CEBEF9FC2B}
	EndGlobalSection
EndGlobal
